Microsoft Visual Studio Solution File, Format Version 11.00
# Visual Studio 2008

Project("{BB1AEB26-3DA3-BC05-3B05-5271466EDCED}") = "deno2d", "Assembly-CSharp.csproj", "{C1777077-F1E0-4CC2-488B-9334AFB0CD95}"
EndProject
Global
	GlobalSection(SolutionConfigurationPlatforms) = preSolution
		Debug|Any CPU = Debug|Any CPU
		Release|Any CPU = Release|Any CPU
	EndGlobalSection
	GlobalSection(ProjectConfigurationPlatforms) = postSolution
		{C1777077-F1E0-4CC2-488B-9334AFB0CD95}.Debug|Any CPU.ActiveCfg = Debug|Any CPU
		{C1777077-F1E0-4CC2-488B-9334AFB0CD95}.Debug|Any CPU.Build.0 = Debug|Any CPU
		{C1777077-F1E0-4CC2-488B-9334AFB0CD95}.Release|Any CPU.ActiveCfg = Release|Any CPU
		{C1777077-F1E0-4CC2-488B-9334AFB0CD95}.Release|Any CPU.Build.0 = Release|Any CPU
	EndGlobalSection
	GlobalSection(SolutionProperties) = preSolution
		HideSolutionNode = FALSE
	EndGlobalSection
	GlobalSection(MonoDevelopProperties) = preSolution
		StartupItem = Assembly-CSharp.csproj
	EndGlobalSection
EndGlobal
